{
  "name": "abap-metrics-provider",
  "version": "0.0.1",
  "lockfileVersion": 1,
  "requires": true,
  "dependencies": {
    "@abaplint/cli": {
      "version": "2.66.2",
      "resolved": "https://registry.npmjs.org/@abaplint/cli/-/cli-2.66.2.tgz",
      "integrity": "sha512-Nd0CMHZRD7T49tmAlfNvvFYaCIrZss/NLvxUs2Y4LnUHhTnrKGqsKrSfPJkPscAgAaeGbPNb7aQerv4kunrMng==",
      "dev": true
    }
  }
}
